
Microsoft Visual Studio Solution File, Format Version 12.00
# Visual Studio Version 17
VisualStudioVersion = 17.3.32825.248
MinimumVisualStudioVersion = 10.0.40219.1
Project("{9A19103F-16F7-4668-BE54-9A1E7A4F7556}") = "HE.Core", "HE.Core\HE.Core.csproj", "{8940A473-B391-4AE2-84F5-7F383E5F431D}"
EndProject
Project("{9A19103F-16F7-4668-BE54-9A1E7A4F7556}") = "HE.Rendering", "HE.Rendering\HE.Rendering.csproj", "{16BFFC8D-5625-4D9F-AE2E-970BC92780E3}"
EndProject
Project("{9A19103F-16F7-4668-BE54-9A1E7A4F7556}") = "HE.ECS", "HE.ECS\HE.ECS.csproj", "{7D490FED-2E96-4E71-A288-F98A5FB0DD83}"
EndProject
Project("{9A19103F-16F7-4668-BE54-9A1E7A4F7556}") = "HE.Logging", "HE.Logging\HE.Logging.csproj", "{02E99840-974D-4152-BD76-3369DE8D4592}"
EndProject
Project("{FAE04EC0-301F-11D3-BF4B-00C04F79EFBC}") = "HE.Logging.Test", "HE.Logging.Test\HE.Logging.Test.csproj", "{D2CA82A9-B6A4-46D2-A5CA-BCC5B51EAC28}"
EndProject
Project("{FAE04EC0-301F-11D3-BF4B-00C04F79EFBC}") = "HE.Core.Test", "HE.Core.Test\HE.Core.Test.csproj", "{32F7B737-1017-4C54-AE9C-F0E7317875D6}"
EndProject
Global
	GlobalSection(SolutionConfigurationPlatforms) = preSolution
		Debug|Any CPU = Debug|Any CPU
		Release|Any CPU = Release|Any CPU
	EndGlobalSection
	GlobalSection(ProjectConfigurationPlatforms) = postSolution
		{8940A473-B391-4AE2-84F5-7F383E5F431D}.Debug|Any CPU.ActiveCfg = Debug|Any CPU
		{8940A473-B391-4AE2-84F5-7F383E5F431D}.Debug|Any CPU.Build.0 = Debug|Any CPU
		{8940A473-B391-4AE2-84F5-7F383E5F431D}.Release|Any CPU.ActiveCfg = Release|Any CPU
		{8940A473-B391-4AE2-84F5-7F383E5F431D}.Release|Any CPU.Build.0 = Release|Any CPU
		{16BFFC8D-5625-4D9F-AE2E-970BC92780E3}.Debug|Any CPU.ActiveCfg = Debug|Any CPU
		{16BFFC8D-5625-4D9F-AE2E-970BC92780E3}.Debug|Any CPU.Build.0 = Debug|Any CPU
		{16BFFC8D-5625-4D9F-AE2E-970BC92780E3}.Release|Any CPU.ActiveCfg = Release|Any CPU
		{16BFFC8D-5625-4D9F-AE2E-970BC92780E3}.Release|Any CPU.Build.0 = Release|Any CPU
		{7D490FED-2E96-4E71-A288-F98A5FB0DD83}.Debug|Any CPU.ActiveCfg = Debug|Any CPU
		{7D490FED-2E96-4E71-A288-F98A5FB0DD83}.Debug|Any CPU.Build.0 = Debug|Any CPU
		{7D490FED-2E96-4E71-A288-F98A5FB0DD83}.Release|Any CPU.ActiveCfg = Release|Any CPU
		{7D490FED-2E96-4E71-A288-F98A5FB0DD83}.Release|Any CPU.Build.0 = Release|Any CPU
		{02E99840-974D-4152-BD76-3369DE8D4592}.Debug|Any CPU.ActiveCfg = Debug|Any CPU
		{02E99840-974D-4152-BD76-3369DE8D4592}.Debug|Any CPU.Build.0 = Debug|Any CPU
		{02E99840-974D-4152-BD76-3369DE8D4592}.Release|Any CPU.ActiveCfg = Release|Any CPU
		{02E99840-974D-4152-BD76-3369DE8D4592}.Release|Any CPU.Build.0 = Release|Any CPU
		{D2CA82A9-B6A4-46D2-A5CA-BCC5B51EAC28}.Debug|Any CPU.ActiveCfg = Debug|Any CPU
		{D2CA82A9-B6A4-46D2-A5CA-BCC5B51EAC28}.Debug|Any CPU.Build.0 = Debug|Any CPU
		{D2CA82A9-B6A4-46D2-A5CA-BCC5B51EAC28}.Release|Any CPU.ActiveCfg = Release|Any CPU
		{D2CA82A9-B6A4-46D2-A5CA-BCC5B51EAC28}.Release|Any CPU.Build.0 = Release|Any CPU
		{32F7B737-1017-4C54-AE9C-F0E7317875D6}.Debug|Any CPU.ActiveCfg = Debug|Any CPU
		{32F7B737-1017-4C54-AE9C-F0E7317875D6}.Debug|Any CPU.Build.0 = Debug|Any CPU
		{32F7B737-1017-4C54-AE9C-F0E7317875D6}.Release|Any CPU.ActiveCfg = Release|Any CPU
		{32F7B737-1017-4C54-AE9C-F0E7317875D6}.Release|Any CPU.Build.0 = Release|Any CPU
	EndGlobalSection
	GlobalSection(SolutionProperties) = preSolution
		HideSolutionNode = FALSE
	EndGlobalSection
	GlobalSection(ExtensibilityGlobals) = postSolution
		SolutionGuid = {751E0BE8-8B19-40B6-8566-D9396E472CD1}
	EndGlobalSection
EndGlobal
